
Microsoft Visual Studio Solution File, Format Version 12.00
# Visual Studio Version 17
VisualStudioVersion = 17.0.31903.59
MinimumVisualStudioVersion = 10.0.40219.1
Project("{2150E333-8FDC-42A3-9474-1A3956D46DE8}") = "src", "src", "{827E0CD3-B72D-47B6-A68D-7590B98EB39B}"
EndProject
Project("{2150E333-8FDC-42A3-9474-1A3956D46DE8}") = "ResumeBuilder.Core", "ResumeBuilder.Core", "{4E570583-0C60-FDE4-2ACC-955651CB0C6D}"
EndProject
Project("{FAE04EC0-301F-11D3-BF4B-00C04F79EFBC}") = "ResumeBuilder.Core", "src\ResumeBuilder.Core\ResumeBuilder.Core\ResumeBuilder.Core.csproj", "{D23722A4-E67B-4D3C-8435-F88C17A0C52F}"
EndProject
Project("{2150E333-8FDC-42A3-9474-1A3956D46DE8}") = "ResumeBuilder.Data", "ResumeBuilder.Data", "{8C3738DD-9006-FED3-30A1-0D01C06D8BF7}"
EndProject
Project("{FAE04EC0-301F-11D3-BF4B-00C04F79EFBC}") = "ResumeBuilder.Data", "src\ResumeBuilder.Data\ResumeBuilder.Data\ResumeBuilder.Data.csproj", "{EFC8CA30-1414-40A3-B7B2-0D76939C0E51}"
EndProject
Project("{2150E333-8FDC-42A3-9474-1A3956D46DE8}") = "ResumeBuilder.Export", "ResumeBuilder.Export", "{224DB8A1-0918-9FCA-3A85-92DB84D44BE3}"
EndProject
Project("{FAE04EC0-301F-11D3-BF4B-00C04F79EFBC}") = "ResumeBuilder.Export", "src\ResumeBuilder.Export\ResumeBuilder.Export\ResumeBuilder.Export.csproj", "{FFE9F193-A35C-4C3E-8DA6-B9595A633BF7}"
EndProject
Project("{2150E333-8FDC-42A3-9474-1A3956D46DE8}") = "ResumeBuilder.Templates", "ResumeBuilder.Templates", "{28E9970A-9B93-387A-5A3F-EF29DADB7515}"
EndProject
Project("{FAE04EC0-301F-11D3-BF4B-00C04F79EFBC}") = "ResumeBuilder.Templates", "src\ResumeBuilder.Templates\ResumeBuilder.Templates\ResumeBuilder.Templates.csproj", "{703B4CF2-CF51-4186-80C1-78D936423B5E}"
EndProject
Project("{2150E333-8FDC-42A3-9474-1A3956D46DE8}") = "ResumeBuilder.App", "ResumeBuilder.App", "{A3EDD392-4B34-14DC-3EB5-BA14471C61B6}"
EndProject
Project("{FAE04EC0-301F-11D3-BF4B-00C04F79EFBC}") = "ResumeBuilder.App", "src\ResumeBuilder.App\ResumeBuilder.App\ResumeBuilder.App.csproj", "{0366BD3F-1F89-4596-AC2A-FCEC0B2EA8C0}"
EndProject
Project("{FAE04EC0-301F-11D3-BF4B-00C04F79EFBC}") = "ResumeBuilder.Tests", "src\ResumeBuilder.Tests\ResumeBuilder.Tests.csproj", "{36F16B2C-C2EA-44FC-9D18-8DA177776654}"
EndProject
Global
	GlobalSection(SolutionConfigurationPlatforms) = preSolution
		Debug|Any CPU = Debug|Any CPU
		Debug|x64 = Debug|x64
		Debug|x86 = Debug|x86
		Release|Any CPU = Release|Any CPU
		Release|x64 = Release|x64
		Release|x86 = Release|x86
	EndGlobalSection
	GlobalSection(ProjectConfigurationPlatforms) = postSolution
		{D23722A4-E67B-4D3C-8435-F88C17A0C52F}.Debug|Any CPU.ActiveCfg = Debug|Any CPU
		{D23722A4-E67B-4D3C-8435-F88C17A0C52F}.Debug|Any CPU.Build.0 = Debug|Any CPU
		{D23722A4-E67B-4D3C-8435-F88C17A0C52F}.Debug|x64.ActiveCfg = Debug|Any CPU
		{D23722A4-E67B-4D3C-8435-F88C17A0C52F}.Debug|x64.Build.0 = Debug|Any CPU
		{D23722A4-E67B-4D3C-8435-F88C17A0C52F}.Debug|x86.ActiveCfg = Debug|Any CPU
		{D23722A4-E67B-4D3C-8435-F88C17A0C52F}.Debug|x86.Build.0 = Debug|Any CPU
		{D23722A4-E67B-4D3C-8435-F88C17A0C52F}.Release|Any CPU.ActiveCfg = Release|Any CPU
		{D23722A4-E67B-4D3C-8435-F88C17A0C52F}.Release|Any CPU.Build.0 = Release|Any CPU
		{D23722A4-E67B-4D3C-8435-F88C17A0C52F}.Release|x64.ActiveCfg = Release|Any CPU
		{D23722A4-E67B-4D3C-8435-F88C17A0C52F}.Release|x64.Build.0 = Release|Any CPU
		{D23722A4-E67B-4D3C-8435-F88C17A0C52F}.Release|x86.ActiveCfg = Release|Any CPU
		{D23722A4-E67B-4D3C-8435-F88C17A0C52F}.Release|x86.Build.0 = Release|Any CPU
		{EFC8CA30-1414-40A3-B7B2-0D76939C0E51}.Debug|Any CPU.ActiveCfg = Debug|Any CPU
		{EFC8CA30-1414-40A3-B7B2-0D76939C0E51}.Debug|Any CPU.Build.0 = Debug|Any CPU
		{EFC8CA30-1414-40A3-B7B2-0D76939C0E51}.Debug|x64.ActiveCfg = Debug|Any CPU
		{EFC8CA30-1414-40A3-B7B2-0D76939C0E51}.Debug|x64.Build.0 = Debug|Any CPU
		{EFC8CA30-1414-40A3-B7B2-0D76939C0E51}.Debug|x86.ActiveCfg = Debug|Any CPU
		{EFC8CA30-1414-40A3-B7B2-0D76939C0E51}.Debug|x86.Build.0 = Debug|Any CPU
		{EFC8CA30-1414-40A3-B7B2-0D76939C0E51}.Release|Any CPU.ActiveCfg = Release|Any CPU
		{EFC8CA30-1414-40A3-B7B2-0D76939C0E51}.Release|Any CPU.Build.0 = Release|Any CPU
		{EFC8CA30-1414-40A3-B7B2-0D76939C0E51}.Release|x64.ActiveCfg = Release|Any CPU
		{EFC8CA30-1414-40A3-B7B2-0D76939C0E51}.Release|x64.Build.0 = Release|Any CPU
		{EFC8CA30-1414-40A3-B7B2-0D76939C0E51}.Release|x86.ActiveCfg = Release|Any CPU
		{EFC8CA30-1414-40A3-B7B2-0D76939C0E51}.Release|x86.Build.0 = Release|Any CPU
		{FFE9F193-A35C-4C3E-8DA6-B9595A633BF7}.Debug|Any CPU.ActiveCfg = Debug|Any CPU
		{FFE9F193-A35C-4C3E-8DA6-B9595A633BF7}.Debug|Any CPU.Build.0 = Debug|Any CPU
		{FFE9F193-A35C-4C3E-8DA6-B9595A633BF7}.Debug|x64.ActiveCfg = Debug|Any CPU
		{FFE9F193-A35C-4C3E-8DA6-B9595A633BF7}.Debug|x64.Build.0 = Debug|Any CPU
		{FFE9F193-A35C-4C3E-8DA6-B9595A633BF7}.Debug|x86.ActiveCfg = Debug|Any CPU
		{FFE9F193-A35C-4C3E-8DA6-B9595A633BF7}.Debug|x86.Build.0 = Debug|Any CPU
		{FFE9F193-A35C-4C3E-8DA6-B9595A633BF7}.Release|Any CPU.ActiveCfg = Release|Any CPU
		{FFE9F193-A35C-4C3E-8DA6-B9595A633BF7}.Release|Any CPU.Build.0 = Release|Any CPU
		{FFE9F193-A35C-4C3E-8DA6-B9595A633BF7}.Release|x64.ActiveCfg = Release|Any CPU
		{FFE9F193-A35C-4C3E-8DA6-B9595A633BF7}.Release|x64.Build.0 = Release|Any CPU
		{FFE9F193-A35C-4C3E-8DA6-B9595A633BF7}.Release|x86.ActiveCfg = Release|Any CPU
		{FFE9F193-A35C-4C3E-8DA6-B9595A633BF7}.Release|x86.Build.0 = Release|Any CPU
		{703B4CF2-CF51-4186-80C1-78D936423B5E}.Debug|Any CPU.ActiveCfg = Debug|Any CPU
		{703B4CF2-CF51-4186-80C1-78D936423B5E}.Debug|Any CPU.Build.0 = Debug|Any CPU
		{703B4CF2-CF51-4186-80C1-78D936423B5E}.Debug|x64.ActiveCfg = Debug|Any CPU
		{703B4CF2-CF51-4186-80C1-78D936423B5E}.Debug|x64.Build.0 = Debug|Any CPU
		{703B4CF2-CF51-4186-80C1-78D936423B5E}.Debug|x86.ActiveCfg = Debug|Any CPU
		{703B4CF2-CF51-4186-80C1-78D936423B5E}.Debug|x86.Build.0 = Debug|Any CPU
		{703B4CF2-CF51-4186-80C1-78D936423B5E}.Release|Any CPU.ActiveCfg = Release|Any CPU
		{703B4CF2-CF51-4186-80C1-78D936423B5E}.Release|Any CPU.Build.0 = Release|Any CPU
		{703B4CF2-CF51-4186-80C1-78D936423B5E}.Release|x64.ActiveCfg = Release|Any CPU
		{703B4CF2-CF51-4186-80C1-78D936423B5E}.Release|x64.Build.0 = Release|Any CPU
		{703B4CF2-CF51-4186-80C1-78D936423B5E}.Release|x86.ActiveCfg = Release|Any CPU
		{703B4CF2-CF51-4186-80C1-78D936423B5E}.Release|x86.Build.0 = Release|Any CPU
		{0366BD3F-1F89-4596-AC2A-FCEC0B2EA8C0}.Debug|Any CPU.ActiveCfg = Debug|Any CPU
		{0366BD3F-1F89-4596-AC2A-FCEC0B2EA8C0}.Debug|Any CPU.Build.0 = Debug|Any CPU
		{0366BD3F-1F89-4596-AC2A-FCEC0B2EA8C0}.Debug|x64.ActiveCfg = Debug|Any CPU
		{0366BD3F-1F89-4596-AC2A-FCEC0B2EA8C0}.Debug|x64.Build.0 = Debug|Any CPU
		{0366BD3F-1F89-4596-AC2A-FCEC0B2EA8C0}.Debug|x86.ActiveCfg = Debug|Any CPU
		{0366BD3F-1F89-4596-AC2A-FCEC0B2EA8C0}.Debug|x86.Build.0 = Debug|Any CPU
		{0366BD3F-1F89-4596-AC2A-FCEC0B2EA8C0}.Release|Any CPU.ActiveCfg = Release|Any CPU
		{0366BD3F-1F89-4596-AC2A-FCEC0B2EA8C0}.Release|Any CPU.Build.0 = Release|Any CPU
		{0366BD3F-1F89-4596-AC2A-FCEC0B2EA8C0}.Release|x64.ActiveCfg = Release|Any CPU
		{0366BD3F-1F89-4596-AC2A-FCEC0B2EA8C0}.Release|x64.Build.0 = Release|Any CPU
		{0366BD3F-1F89-4596-AC2A-FCEC0B2EA8C0}.Release|x86.ActiveCfg = Release|Any CPU
		{0366BD3F-1F89-4596-AC2A-FCEC0B2EA8C0}.Release|x86.Build.0 = Release|Any CPU
		{36F16B2C-C2EA-44FC-9D18-8DA177776654}.Debug|Any CPU.ActiveCfg = Debug|Any CPU
		{36F16B2C-C2EA-44FC-9D18-8DA177776654}.Debug|Any CPU.Build.0 = Debug|Any CPU
		{36F16B2C-C2EA-44FC-9D18-8DA177776654}.Debug|x64.ActiveCfg = Debug|Any CPU
		{36F16B2C-C2EA-44FC-9D18-8DA177776654}.Debug|x64.Build.0 = Debug|Any CPU
		{36F16B2C-C2EA-44FC-9D18-8DA177776654}.Debug|x86.ActiveCfg = Debug|Any CPU
		{36F16B2C-C2EA-44FC-9D18-8DA177776654}.Debug|x86.Build.0 = Debug|Any CPU
		{36F16B2C-C2EA-44FC-9D18-8DA177776654}.Release|Any CPU.ActiveCfg = Release|Any CPU
		{36F16B2C-C2EA-44FC-9D18-8DA177776654}.Release|Any CPU.Build.0 = Release|Any CPU
		{36F16B2C-C2EA-44FC-9D18-8DA177776654}.Release|x64.ActiveCfg = Release|Any CPU
		{36F16B2C-C2EA-44FC-9D18-8DA177776654}.Release|x64.Build.0 = Release|Any CPU
		{36F16B2C-C2EA-44FC-9D18-8DA177776654}.Release|x86.ActiveCfg = Release|Any CPU
		{36F16B2C-C2EA-44FC-9D18-8DA177776654}.Release|x86.Build.0 = Release|Any CPU
	EndGlobalSection
	GlobalSection(SolutionProperties) = preSolution
		HideSolutionNode = FALSE
	EndGlobalSection
	GlobalSection(NestedProjects) = preSolution
		{4E570583-0C60-FDE4-2ACC-955651CB0C6D} = {827E0CD3-B72D-47B6-A68D-7590B98EB39B}
		{D23722A4-E67B-4D3C-8435-F88C17A0C52F} = {4E570583-0C60-FDE4-2ACC-955651CB0C6D}
		{8C3738DD-9006-FED3-30A1-0D01C06D8BF7} = {827E0CD3-B72D-47B6-A68D-7590B98EB39B}
		{EFC8CA30-1414-40A3-B7B2-0D76939C0E51} = {8C3738DD-9006-FED3-30A1-0D01C06D8BF7}
		{224DB8A1-0918-9FCA-3A85-92DB84D44BE3} = {827E0CD3-B72D-47B6-A68D-7590B98EB39B}
		{FFE9F193-A35C-4C3E-8DA6-B9595A633BF7} = {224DB8A1-0918-9FCA-3A85-92DB84D44BE3}
		{28E9970A-9B93-387A-5A3F-EF29DADB7515} = {827E0CD3-B72D-47B6-A68D-7590B98EB39B}
		{703B4CF2-CF51-4186-80C1-78D936423B5E} = {28E9970A-9B93-387A-5A3F-EF29DADB7515}
		{A3EDD392-4B34-14DC-3EB5-BA14471C61B6} = {827E0CD3-B72D-47B6-A68D-7590B98EB39B}
		{0366BD3F-1F89-4596-AC2A-FCEC0B2EA8C0} = {A3EDD392-4B34-14DC-3EB5-BA14471C61B6}
		{36F16B2C-C2EA-44FC-9D18-8DA177776654} = {827E0CD3-B72D-47B6-A68D-7590B98EB39B}
	EndGlobalSection
EndGlobal
